
Microsoft Visual Studio Solution File, Format Version 12.00
# Visual Studio 15
Project("{FAE04EC0-301F-11D3-BF4B-00C04F79EFBC}") = "VuforiaScripts", "VuforiaScripts.csproj", "{680EC4ED-BC25-547B-D16B-D177619BED1E}"
EndProject
Project("{FAE04EC0-301F-11D3-BF4B-00C04F79EFBC}") = "Assembly-CSharp", "Assembly-CSharp.csproj", "{F84B4FE8-D568-006B-0046-8FF02F5C2BB3}"
EndProject
Project("{FAE04EC0-301F-11D3-BF4B-00C04F79EFBC}") = "VuforiaEditorScripts", "VuforiaEditorScripts.csproj", "{C0F20A84-3D8D-2CE9-6E90-CD9CFA91E8B5}"
EndProject
Global
	GlobalSection(SolutionConfigurationPlatforms) = preSolution
		Debug|Any CPU = Debug|Any CPU
		Release|Any CPU = Release|Any CPU
	EndGlobalSection
	GlobalSection(ProjectConfigurationPlatforms) = postSolution
		{680EC4ED-BC25-547B-D16B-D177619BED1E}.Debug|Any CPU.ActiveCfg = Debug|Any CPU
		{680EC4ED-BC25-547B-D16B-D177619BED1E}.Debug|Any CPU.Build.0 = Debug|Any CPU
		{680EC4ED-BC25-547B-D16B-D177619BED1E}.Release|Any CPU.ActiveCfg = Release|Any CPU
		{680EC4ED-BC25-547B-D16B-D177619BED1E}.Release|Any CPU.Build.0 = Release|Any CPU
		{F84B4FE8-D568-006B-0046-8FF02F5C2BB3}.Debug|Any CPU.ActiveCfg = Debug|Any CPU
		{F84B4FE8-D568-006B-0046-8FF02F5C2BB3}.Debug|Any CPU.Build.0 = Debug|Any CPU
		{F84B4FE8-D568-006B-0046-8FF02F5C2BB3}.Release|Any CPU.ActiveCfg = Release|Any CPU
		{F84B4FE8-D568-006B-0046-8FF02F5C2BB3}.Release|Any CPU.Build.0 = Release|Any CPU
		{C0F20A84-3D8D-2CE9-6E90-CD9CFA91E8B5}.Debug|Any CPU.ActiveCfg = Debug|Any CPU
		{C0F20A84-3D8D-2CE9-6E90-CD9CFA91E8B5}.Debug|Any CPU.Build.0 = Debug|Any CPU
		{C0F20A84-3D8D-2CE9-6E90-CD9CFA91E8B5}.Release|Any CPU.ActiveCfg = Release|Any CPU
		{C0F20A84-3D8D-2CE9-6E90-CD9CFA91E8B5}.Release|Any CPU.Build.0 = Release|Any CPU
	EndGlobalSection
	GlobalSection(SolutionProperties) = preSolution
		HideSolutionNode = FALSE
	EndGlobalSection
EndGlobal
